
Microsoft Visual Studio Solution File, Format Version 12.00
# Visual Studio Version 16
VisualStudioVersion = 16.0.29209.62
MinimumVisualStudioVersion = 10.0.40219.1
Project("{9A19103F-16F7-4668-BE54-9A1E7A4F7556}") = "02-WebService", "02-WebService\02-WebService.csproj", "{50D7B56C-BD2E-4BD6-A109-E1C367E41827}"
EndProject
Project("{9A19103F-16F7-4668-BE54-9A1E7A4F7556}") = "01-DAL", "01-DAL\01-DAL.csproj", "{60ACAFFB-A1CD-4BA0-9BA3-440E59B5BC78}"
EndProject
Project("{9A19103F-16F7-4668-BE54-9A1E7A4F7556}") = "03-PortalMVC", "03-PortalMVC\03-PortalMVC.csproj", "{34D1BFE9-C9CF-4019-8A74-715EEE7B51B3}"
EndProject
Project("{FAE04EC0-301F-11D3-BF4B-00C04F79EFBC}") = "02-WebService-UnitTest", "02-WebService-UnitTest\02-WebService-UnitTest.csproj", "{06B0CDA0-6A5A-4609-8081-61BBC9747F22}"
EndProject
Project("{FAE04EC0-301F-11D3-BF4B-00C04F79EFBC}") = "03-PortalMVC-UnitTest", "03-PortalMVC-UnitTest\03-PortalMVC-UnitTest.csproj", "{FD1916E7-24E1-4F34-8778-1129513A1624}"
EndProject
Global
	GlobalSection(SolutionConfigurationPlatforms) = preSolution
		Debug|Any CPU = Debug|Any CPU
		Release|Any CPU = Release|Any CPU
	EndGlobalSection
	GlobalSection(ProjectConfigurationPlatforms) = postSolution
		{50D7B56C-BD2E-4BD6-A109-E1C367E41827}.Debug|Any CPU.ActiveCfg = Debug|Any CPU
		{50D7B56C-BD2E-4BD6-A109-E1C367E41827}.Debug|Any CPU.Build.0 = Debug|Any CPU
		{50D7B56C-BD2E-4BD6-A109-E1C367E41827}.Release|Any CPU.ActiveCfg = Release|Any CPU
		{50D7B56C-BD2E-4BD6-A109-E1C367E41827}.Release|Any CPU.Build.0 = Release|Any CPU
		{60ACAFFB-A1CD-4BA0-9BA3-440E59B5BC78}.Debug|Any CPU.ActiveCfg = Debug|Any CPU
		{60ACAFFB-A1CD-4BA0-9BA3-440E59B5BC78}.Debug|Any CPU.Build.0 = Debug|Any CPU
		{60ACAFFB-A1CD-4BA0-9BA3-440E59B5BC78}.Release|Any CPU.ActiveCfg = Release|Any CPU
		{60ACAFFB-A1CD-4BA0-9BA3-440E59B5BC78}.Release|Any CPU.Build.0 = Release|Any CPU
		{34D1BFE9-C9CF-4019-8A74-715EEE7B51B3}.Debug|Any CPU.ActiveCfg = Debug|Any CPU
		{34D1BFE9-C9CF-4019-8A74-715EEE7B51B3}.Debug|Any CPU.Build.0 = Debug|Any CPU
		{34D1BFE9-C9CF-4019-8A74-715EEE7B51B3}.Release|Any CPU.ActiveCfg = Release|Any CPU
		{34D1BFE9-C9CF-4019-8A74-715EEE7B51B3}.Release|Any CPU.Build.0 = Release|Any CPU
		{06B0CDA0-6A5A-4609-8081-61BBC9747F22}.Debug|Any CPU.ActiveCfg = Debug|Any CPU
		{06B0CDA0-6A5A-4609-8081-61BBC9747F22}.Debug|Any CPU.Build.0 = Debug|Any CPU
		{06B0CDA0-6A5A-4609-8081-61BBC9747F22}.Release|Any CPU.ActiveCfg = Release|Any CPU
		{06B0CDA0-6A5A-4609-8081-61BBC9747F22}.Release|Any CPU.Build.0 = Release|Any CPU
		{FD1916E7-24E1-4F34-8778-1129513A1624}.Debug|Any CPU.ActiveCfg = Debug|Any CPU
		{FD1916E7-24E1-4F34-8778-1129513A1624}.Debug|Any CPU.Build.0 = Debug|Any CPU
		{FD1916E7-24E1-4F34-8778-1129513A1624}.Release|Any CPU.ActiveCfg = Release|Any CPU
		{FD1916E7-24E1-4F34-8778-1129513A1624}.Release|Any CPU.Build.0 = Release|Any CPU
	EndGlobalSection
	GlobalSection(SolutionProperties) = preSolution
		HideSolutionNode = FALSE
	EndGlobalSection
	GlobalSection(ExtensibilityGlobals) = postSolution
		SolutionGuid = {1CE03483-9463-47B8-9C6C-99100FFD05DA}
	EndGlobalSection
EndGlobal
